// !$*UTF8*$!
{
	archiveVersion = 1;
	classes = {
	};
	objectVersion = 56;
	objects = {

/* Begin PBXBuildFile section */
		DB2198B72B7B8F8C009B2AAC /* MapTableViewCell.swift in Sources */ = {isa = PBXBuildFile; fileRef = DB2198B62B7B8F8C009B2AAC /* MapTableViewCell.swift */; };
		DB2198B92B7B9CB5009B2AAC /* BottomTableViewCell.swift in Sources */ = {isa = PBXBuildFile; fileRef = DB2198B82B7B9CB5009B2AAC /* BottomTableViewCell.swift */; };
		DBC59A442B7A471C006BEB76 /* TopTableViewCell.swift in Sources */ = {isa = PBXBuildFile; fileRef = DBC59A432B7A471C006BEB76 /* TopTableViewCell.swift */; };
		DBC59A462B7A4729006BEB76 /* BaseTableViewCell.swift in Sources */ = {isa = PBXBuildFile; fileRef = DBC59A452B7A4729006BEB76 /* BaseTableViewCell.swift */; };
		DBC59A482B7A49F0006BEB76 /* UIView + Extension.swift in Sources */ = {isa = PBXBuildFile; fileRef = DBC59A472B7A49F0006BEB76 /* UIView + Extension.swift */; };
		DBC59A4A2B7A4FF6006BEB76 /* ThreeHourTableViewCell.swift in Sources */ = {isa = PBXBuildFile; fileRef = DBC59A492B7A4FF6006BEB76 /* ThreeHourTableViewCell.swift */; };
		DBC59A4D2B7A5290006BEB76 /* ThreeHourCollectionViewCell.swift in Sources */ = {isa = PBXBuildFile; fileRef = DBC59A4C2B7A5290006BEB76 /* ThreeHourCollectionViewCell.swift */; };
		DBC59A4F2B7A52F2006BEB76 /* BaseCollectionViewCell.swift in Sources */ = {isa = PBXBuildFile; fileRef = DBC59A4E2B7A52F2006BEB76 /* BaseCollectionViewCell.swift */; };
		DBC59A512B7A6CD1006BEB76 /* FiveDaysTableViewCell.swift in Sources */ = {isa = PBXBuildFile; fileRef = DBC59A502B7A6CD1006BEB76 /* FiveDaysTableViewCell.swift */; };
		DBC59A532B7A6DA0006BEB76 /* FivewDaysSubTableViewCell.swift in Sources */ = {isa = PBXBuildFile; fileRef = DBC59A522B7A6DA0006BEB76 /* FivewDaysSubTableViewCell.swift */; };
		DBC59A562B7B746A006BEB76 /* Kingfisher in Frameworks */ = {isa = PBXBuildFile; productRef = DBC59A552B7B746A006BEB76 /* Kingfisher */; };
		DBCC22A82B7862D0007F61B2 /* AppDelegate.swift in Sources */ = {isa = PBXBuildFile; fileRef = DBCC22A72B7862D0007F61B2 /* AppDelegate.swift */; };
		DBCC22AA2B7862D0007F61B2 /* SceneDelegate.swift in Sources */ = {isa = PBXBuildFile; fileRef = DBCC22A92B7862D0007F61B2 /* SceneDelegate.swift */; };
		DBCC22AC2B7862D0007F61B2 /* MainViewController.swift in Sources */ = {isa = PBXBuildFile; fileRef = DBCC22AB2B7862D0007F61B2 /* MainViewController.swift */; };
		DBCC22B12B7862D2007F61B2 /* Assets.xcassets in Resources */ = {isa = PBXBuildFile; fileRef = DBCC22B02B7862D2007F61B2 /* Assets.xcassets */; };
		DBCC22B42B7862D2007F61B2 /* LaunchScreen.storyboard in Resources */ = {isa = PBXBuildFile; fileRef = DBCC22B22B7862D2007F61B2 /* LaunchScreen.storyboard */; };
		DBE3CBBE2B7869A2005E540B /* CurrentModel.swift in Sources */ = {isa = PBXBuildFile; fileRef = DBE3CBBD2B7869A2005E540B /* CurrentModel.swift */; };
		DBE3CBC02B786BEA005E540B /* ForecastModel.swift in Sources */ = {isa = PBXBuildFile; fileRef = DBE3CBBF2B786BEA005E540B /* ForecastModel.swift */; };
		DBE3CBC22B786F91005E540B /* CommonModel.swift in Sources */ = {isa = PBXBuildFile; fileRef = DBE3CBC12B786F91005E540B /* CommonModel.swift */; };
		DBE3CBC42B787197005E540B /* OpenWeatherAPIManager.swift in Sources */ = {isa = PBXBuildFile; fileRef = DBE3CBC32B787197005E540B /* OpenWeatherAPIManager.swift */; };
		DBE3CBC62B7871B1005E540B /* OpenWeatherAPI.swift in Sources */ = {isa = PBXBuildFile; fileRef = DBE3CBC52B7871B1005E540B /* OpenWeatherAPI.swift */; };
		DBE3CBC82B7871B7005E540B /* API.swift in Sources */ = {isa = PBXBuildFile; fileRef = DBE3CBC72B7871B7005E540B /* API.swift */; };
		DBE3CBCE2B787BAE005E540B /* SnapKit in Frameworks */ = {isa = PBXBuildFile; productRef = DBE3CBCD2B787BAE005E540B /* SnapKit */; };
		DBE3CBD12B787BB7005E540B /* Then in Frameworks */ = {isa = PBXBuildFile; productRef = DBE3CBD02B787BB7005E540B /* Then */; };
		DBE3CBD42B787BC1005E540B /* Alamofire in Frameworks */ = {isa = PBXBuildFile; productRef = DBE3CBD32B787BC1005E540B /* Alamofire */; };
		DBE3CBD72B787EB0005E540B /* BaseView.swift in Sources */ = {isa = PBXBuildFile; fileRef = DBE3CBD62B787EB0005E540B /* BaseView.swift */; };
		DBE3CBD92B787F34005E540B /* MainView.swift in Sources */ = {isa = PBXBuildFile; fileRef = DBE3CBD82B787F34005E540B /* MainView.swift */; };
		DBE3CBDB2B787F55005E540B /* BaseViewController.swift in Sources */ = {isa = PBXBuildFile; fileRef = DBE3CBDA2B787F55005E540B /* BaseViewController.swift */; };
		DBE3CBE02B7883A3005E540B /* CommonLabel.swift in Sources */ = {isa = PBXBuildFile; fileRef = DBE3CBDF2B7883A3005E540B /* CommonLabel.swift */; };
		DBE3CBE22B79ED0A005E540B /* Date + Extension.swift in Sources */ = {isa = PBXBuildFile; fileRef = DBE3CBE12B79ED0A005E540B /* Date + Extension.swift */; };
/* End PBXBuildFile section */

/* Begin PBXFileReference section */
		DB2198B62B7B8F8C009B2AAC /* MapTableViewCell.swift */ = {isa = PBXFileReference; lastKnownFileType = sourcecode.swift; path = MapTableViewCell.swift; sourceTree = "<group>"; };
		DB2198B82B7B9CB5009B2AAC /* BottomTableViewCell.swift */ = {isa = PBXFileReference; lastKnownFileType = sourcecode.swift; path = BottomTableViewCell.swift; sourceTree = "<group>"; };
		DBC59A432B7A471C006BEB76 /* TopTableViewCell.swift */ = {isa = PBXFileReference; lastKnownFileType = sourcecode.swift; path = TopTableViewCell.swift; sourceTree = "<group>"; };
		DBC59A452B7A4729006BEB76 /* BaseTableViewCell.swift */ = {isa = PBXFileReference; lastKnownFileType = sourcecode.swift; path = BaseTableViewCell.swift; sourceTree = "<group>"; };
		DBC59A472B7A49F0006BEB76 /* UIView + Extension.swift */ = {isa = PBXFileReference; lastKnownFileType = sourcecode.swift; path = "UIView + Extension.swift"; sourceTree = "<group>"; };
		DBC59A492B7A4FF6006BEB76 /* ThreeHourTableViewCell.swift */ = {isa = PBXFileReference; lastKnownFileType = sourcecode.swift; path = ThreeHourTableViewCell.swift; sourceTree = "<group>"; };
		DBC59A4C2B7A5290006BEB76 /* ThreeHourCollectionViewCell.swift */ = {isa = PBXFileReference; lastKnownFileType = sourcecode.swift; path = ThreeHourCollectionViewCell.swift; sourceTree = "<group>"; };
		DBC59A4E2B7A52F2006BEB76 /* BaseCollectionViewCell.swift */ = {isa = PBXFileReference; lastKnownFileType = sourcecode.swift; path = BaseCollectionViewCell.swift; sourceTree = "<group>"; };
		DBC59A502B7A6CD1006BEB76 /* FiveDaysTableViewCell.swift */ = {isa = PBXFileReference; lastKnownFileType = sourcecode.swift; path = FiveDaysTableViewCell.swift; sourceTree = "<group>"; };
		DBC59A522B7A6DA0006BEB76 /* FivewDaysSubTableViewCell.swift */ = {isa = PBXFileReference; lastKnownFileType = sourcecode.swift; path = FivewDaysSubTableViewCell.swift; sourceTree = "<group>"; };
		DBCC22A42B7862D0007F61B2 /* OpenWeather.app */ = {isa = PBXFileReference; explicitFileType = wrapper.application; includeInIndex = 0; path = OpenWeather.app; sourceTree = BUILT_PRODUCTS_DIR; };
		DBCC22A72B7862D0007F61B2 /* AppDelegate.swift */ = {isa = PBXFileReference; lastKnownFileType = sourcecode.swift; path = AppDelegate.swift; sourceTree = "<group>"; };
		DBCC22A92B7862D0007F61B2 /* SceneDelegate.swift */ = {isa = PBXFileReference; lastKnownFileType = sourcecode.swift; path = SceneDelegate.swift; sourceTree = "<group>"; };
		DBCC22AB2B7862D0007F61B2 /* MainViewController.swift */ = {isa = PBXFileReference; lastKnownFileType = sourcecode.swift; path = MainViewController.swift; sourceTree = "<group>"; };
		DBCC22B02B7862D2007F61B2 /* Assets.xcassets */ = {isa = PBXFileReference; lastKnownFileType = folder.assetcatalog; path = Assets.xcassets; sourceTree = "<group>"; };
		DBCC22B32B7862D2007F61B2 /* Base */ = {isa = PBXFileReference; lastKnownFileType = file.storyboard; name = Base; path = Base.lproj/LaunchScreen.storyboard; sourceTree = "<group>"; };
		DBCC22B52B7862D2007F61B2 /* Info.plist */ = {isa = PBXFileReference; lastKnownFileType = text.plist.xml; path = Info.plist; sourceTree = "<group>"; };
		DBE3CBBD2B7869A2005E540B /* CurrentModel.swift */ = {isa = PBXFileReference; lastKnownFileType = sourcecode.swift; path = CurrentModel.swift; sourceTree = "<group>"; };
		DBE3CBBF2B786BEA005E540B /* ForecastModel.swift */ = {isa = PBXFileReference; lastKnownFileType = sourcecode.swift; path = ForecastModel.swift; sourceTree = "<group>"; };
		DBE3CBC12B786F91005E540B /* CommonModel.swift */ = {isa = PBXFileReference; lastKnownFileType = sourcecode.swift; path = CommonModel.swift; sourceTree = "<group>"; };
		DBE3CBC32B787197005E540B /* OpenWeatherAPIManager.swift */ = {isa = PBXFileReference; lastKnownFileType = sourcecode.swift; path = OpenWeatherAPIManager.swift; sourceTree = "<group>"; };
		DBE3CBC52B7871B1005E540B /* OpenWeatherAPI.swift */ = {isa = PBXFileReference; lastKnownFileType = sourcecode.swift; path = OpenWeatherAPI.swift; sourceTree = "<group>"; };
		DBE3CBC72B7871B7005E540B /* API.swift */ = {isa = PBXFileReference; lastKnownFileType = sourcecode.swift; path = API.swift; sourceTree = "<group>"; };
		DBE3CBD62B787EB0005E540B /* BaseView.swift */ = {isa = PBXFileReference; lastKnownFileType = sourcecode.swift; path = BaseView.swift; sourceTree = "<group>"; };
		DBE3CBD82B787F34005E540B /* MainView.swift */ = {isa = PBXFileReference; lastKnownFileType = sourcecode.swift; path = MainView.swift; sourceTree = "<group>"; };
		DBE3CBDA2B787F55005E540B /* BaseViewController.swift */ = {isa = PBXFileReference; lastKnownFileType = sourcecode.swift; path = BaseViewController.swift; sourceTree = "<group>"; };
		DBE3CBDF2B7883A3005E540B /* CommonLabel.swift */ = {isa = PBXFileReference; lastKnownFileType = sourcecode.swift; path = CommonLabel.swift; sourceTree = "<group>"; };
		DBE3CBE12B79ED0A005E540B /* Date + Extension.swift */ = {isa = PBXFileReference; lastKnownFileType = sourcecode.swift; path = "Date + Extension.swift"; sourceTree = "<group>"; };
/* End PBXFileReference section */

/* Begin PBXFrameworksBuildPhase section */
		DBCC22A12B7862D0007F61B2 /* Frameworks */ = {
			isa = PBXFrameworksBuildPhase;
			buildActionMask = 2147483647;
			files = (
				DBC59A562B7B746A006BEB76 /* Kingfisher in Frameworks */,
				DBE3CBD42B787BC1005E540B /* Alamofire in Frameworks */,
				DBE3CBCE2B787BAE005E540B /* SnapKit in Frameworks */,
				DBE3CBD12B787BB7005E540B /* Then in Frameworks */,
			);
			runOnlyForDeploymentPostprocessing = 0;
		};
/* End PBXFrameworksBuildPhase section */

/* Begin PBXGroup section */
		DBC59A412B7A46CE006BEB76 /* Cell */ = {
			isa = PBXGroup;
			children = (
				DBC59A4B2B7A5277006BEB76 /* Collection */,
				DBC59A422B7A46D2006BEB76 /* Table */,
			);
			path = Cell;
			sourceTree = "<group>";
		};
		DBC59A422B7A46D2006BEB76 /* Table */ = {
			isa = PBXGroup;
			children = (
				DBC59A432B7A471C006BEB76 /* TopTableViewCell.swift */,
				DBC59A492B7A4FF6006BEB76 /* ThreeHourTableViewCell.swift */,
				DBC59A502B7A6CD1006BEB76 /* FiveDaysTableViewCell.swift */,
				DBC59A522B7A6DA0006BEB76 /* FivewDaysSubTableViewCell.swift */,
				DB2198B62B7B8F8C009B2AAC /* MapTableViewCell.swift */,
				DB2198B82B7B9CB5009B2AAC /* BottomTableViewCell.swift */,
			);
			path = Table;
			sourceTree = "<group>";
		};
		DBC59A4B2B7A5277006BEB76 /* Collection */ = {
			isa = PBXGroup;
			children = (
				DBC59A4C2B7A5290006BEB76 /* ThreeHourCollectionViewCell.swift */,
			);
			path = Collection;
			sourceTree = "<group>";
		};
		DBCC229B2B7862D0007F61B2 = {
			isa = PBXGroup;
			children = (
				DBCC22A62B7862D0007F61B2 /* OpenWeather */,
				DBCC22A52B7862D0007F61B2 /* Products */,
			);
			sourceTree = "<group>";
		};
		DBCC22A52B7862D0007F61B2 /* Products */ = {
			isa = PBXGroup;
			children = (
				DBCC22A42B7862D0007F61B2 /* OpenWeather.app */,
			);
			name = Products;
			sourceTree = "<group>";
		};
		DBCC22A62B7862D0007F61B2 /* OpenWeather */ = {
			isa = PBXGroup;
			children = (
				DBE3CBD52B787EA7005E540B /* Base */,
				DBE3CBBC2B786992005E540B /* Resource */,
				DBE3CBBB2B78698C005E540B /* Model */,
				DBE3CBBA2B786985005E540B /* Controller */,
				DBE3CBB92B78697E005E540B /* View */,
				DBCC22A72B7862D0007F61B2 /* AppDelegate.swift */,
				DBCC22A92B7862D0007F61B2 /* SceneDelegate.swift */,
				DBCC22B02B7862D2007F61B2 /* Assets.xcassets */,
				DBCC22B22B7862D2007F61B2 /* LaunchScreen.storyboard */,
				DBCC22B52B7862D2007F61B2 /* Info.plist */,
			);
			path = OpenWeather;
			sourceTree = "<group>";
		};
		DBE3CBB92B78697E005E540B /* View */ = {
			isa = PBXGroup;
			children = (
				DBC59A412B7A46CE006BEB76 /* Cell */,
				DBE3CBD82B787F34005E540B /* MainView.swift */,
			);
			path = View;
			sourceTree = "<group>";
		};
		DBE3CBBA2B786985005E540B /* Controller */ = {
			isa = PBXGroup;
			children = (
				DBCC22AB2B7862D0007F61B2 /* MainViewController.swift */,
			);
			path = Controller;
			sourceTree = "<group>";
		};
		DBE3CBBB2B78698C005E540B /* Model */ = {
			isa = PBXGroup;
			children = (
				DBE3CBBD2B7869A2005E540B /* CurrentModel.swift */,
				DBE3CBBF2B786BEA005E540B /* ForecastModel.swift */,
				DBE3CBC12B786F91005E540B /* CommonModel.swift */,
			);
			path = Model;
			sourceTree = "<group>";
		};
		DBE3CBBC2B786992005E540B /* Resource */ = {
			isa = PBXGroup;
			children = (
				DBE3CBDE2B788397005E540B /* CustomView */,
				DBE3CBDC2B788366005E540B /* APIManager */,
				DBE3CBE12B79ED0A005E540B /* Date + Extension.swift */,
				DBC59A472B7A49F0006BEB76 /* UIView + Extension.swift */,
			);
			path = Resource;
			sourceTree = "<group>";
		};
		DBE3CBD52B787EA7005E540B /* Base */ = {
			isa = PBXGroup;
			children = (
				DBE3CBD62B787EB0005E540B /* BaseView.swift */,
				DBE3CBDA2B787F55005E540B /* BaseViewController.swift */,
				DBC59A452B7A4729006BEB76 /* BaseTableViewCell.swift */,
				DBC59A4E2B7A52F2006BEB76 /* BaseCollectionViewCell.swift */,
			);
			path = Base;
			sourceTree = "<group>";
		};
		DBE3CBDC2B788366005E540B /* APIManager */ = {
			isa = PBXGroup;
			children = (
				DBE3CBC32B787197005E540B /* OpenWeatherAPIManager.swift */,
				DBE3CBC52B7871B1005E540B /* OpenWeatherAPI.swift */,
				DBE3CBC72B7871B7005E540B /* API.swift */,
			);
			path = APIManager;
			sourceTree = "<group>";
		};
		DBE3CBDE2B788397005E540B /* CustomView */ = {
			isa = PBXGroup;
			children = (
				DBE3CBDF2B7883A3005E540B /* CommonLabel.swift */,
			);
			path = CustomView;
			sourceTree = "<group>";
		};
/* End PBXGroup section */

/* Begin PBXNativeTarget section */
		DBCC22A32B7862D0007F61B2 /* OpenWeather */ = {
			isa = PBXNativeTarget;
			buildConfigurationList = DBCC22B82B7862D2007F61B2 /* Build configuration list for PBXNativeTarget "OpenWeather" */;
			buildPhases = (
				DBCC22A02B7862D0007F61B2 /* Sources */,
				DBCC22A12B7862D0007F61B2 /* Frameworks */,
				DBCC22A22B7862D0007F61B2 /* Resources */,
			);
			buildRules = (
			);
			dependencies = (
			);
			name = OpenWeather;
			packageProductDependencies = (
				DBE3CBCD2B787BAE005E540B /* SnapKit */,
				DBE3CBD02B787BB7005E540B /* Then */,
				DBE3CBD32B787BC1005E540B /* Alamofire */,
				DBC59A552B7B746A006BEB76 /* Kingfisher */,
			);
			productName = OpenWeather;
			productReference = DBCC22A42B7862D0007F61B2 /* OpenWeather.app */;
			productType = "com.apple.product-type.application";
		};
/* End PBXNativeTarget section */

/* Begin PBXProject section */
		DBCC229C2B7862D0007F61B2 /* Project object */ = {
			isa = PBXProject;
			attributes = {
				BuildIndependentTargetsInParallel = 1;
				LastSwiftUpdateCheck = 1520;
				LastUpgradeCheck = 1520;
				TargetAttributes = {
					DBCC22A32B7862D0007F61B2 = {
						CreatedOnToolsVersion = 15.2;
					};
				};
			};
			buildConfigurationList = DBCC229F2B7862D0007F61B2 /* Build configuration list for PBXProject "OpenWeather" */;
			compatibilityVersion = "Xcode 14.0";
			developmentRegion = en;
			hasScannedForEncodings = 0;
			knownRegions = (
				en,
				Base,
			);
			mainGroup = DBCC229B2B7862D0007F61B2;
			packageReferences = (
				DBE3CBCC2B787BAE005E540B /* XCRemoteSwiftPackageReference "SnapKit" */,
				DBE3CBCF2B787BB7005E540B /* XCRemoteSwiftPackageReference "Then" */,
				DBE3CBD22B787BC1005E540B /* XCRemoteSwiftPackageReference "Alamofire" */,
				DBC59A542B7B746A006BEB76 /* XCRemoteSwiftPackageReference "Kingfisher" */,
			);
			productRefGroup = DBCC22A52B7862D0007F61B2 /* Products */;
			projectDirPath = "";
			projectRoot = "";
			targets = (
				DBCC22A32B7862D0007F61B2 /* OpenWeather */,
			);
		};
/* End PBXProject section */

/* Begin PBXResourcesBuildPhase section */
		DBCC22A22B7862D0007F61B2 /* Resources */ = {
			isa = PBXResourcesBuildPhase;
			buildActionMask = 2147483647;
			files = (
				DBCC22B42B7862D2007F61B2 /* LaunchScreen.storyboard in Resources */,
				DBCC22B12B7862D2007F61B2 /* Assets.xcassets in Resources */,
			);
			runOnlyForDeploymentPostprocessing = 0;
		};
/* End PBXResourcesBuildPhase section */

/* Begin PBXSourcesBuildPhase section */
		DBCC22A02B7862D0007F61B2 /* Sources */ = {
			isa = PBXSourcesBuildPhase;
			buildActionMask = 2147483647;
			files = (
				DBC59A462B7A4729006BEB76 /* BaseTableViewCell.swift in Sources */,
				DBC59A512B7A6CD1006BEB76 /* FiveDaysTableViewCell.swift in Sources */,
				DBE3CBBE2B7869A2005E540B /* CurrentModel.swift in Sources */,
				DBC59A532B7A6DA0006BEB76 /* FivewDaysSubTableViewCell.swift in Sources */,
				DBCC22AC2B7862D0007F61B2 /* MainViewController.swift in Sources */,
				DB2198B72B7B8F8C009B2AAC /* MapTableViewCell.swift in Sources */,
				DBE3CBC22B786F91005E540B /* CommonModel.swift in Sources */,
				DBE3CBC62B7871B1005E540B /* OpenWeatherAPI.swift in Sources */,
				DBC59A4F2B7A52F2006BEB76 /* BaseCollectionViewCell.swift in Sources */,
				DBCC22A82B7862D0007F61B2 /* AppDelegate.swift in Sources */,
				DBC59A4A2B7A4FF6006BEB76 /* ThreeHourTableViewCell.swift in Sources */,
				DBE3CBDB2B787F55005E540B /* BaseViewController.swift in Sources */,
				DB2198B92B7B9CB5009B2AAC /* BottomTableViewCell.swift in Sources */,
				DBCC22AA2B7862D0007F61B2 /* SceneDelegate.swift in Sources */,
				DBC59A482B7A49F0006BEB76 /* UIView + Extension.swift in Sources */,
				DBE3CBC02B786BEA005E540B /* ForecastModel.swift in Sources */,
				DBE3CBE02B7883A3005E540B /* CommonLabel.swift in Sources */,
				DBE3CBD92B787F34005E540B /* MainView.swift in Sources */,
				DBE3CBD72B787EB0005E540B /* BaseView.swift in Sources */,
				DBC59A442B7A471C006BEB76 /* TopTableViewCell.swift in Sources */,
				DBC59A4D2B7A5290006BEB76 /* ThreeHourCollectionViewCell.swift in Sources */,
				DBE3CBC82B7871B7005E540B /* API.swift in Sources */,
				DBE3CBC42B787197005E540B /* OpenWeatherAPIManager.swift in Sources */,
				DBE3CBE22B79ED0A005E540B /* Date + Extension.swift in Sources */,
			);
			runOnlyForDeploymentPostprocessing = 0;
		};
/* End PBXSourcesBuildPhase section */

/* Begin PBXVariantGroup section */
		DBCC22B22B7862D2007F61B2 /* LaunchScreen.storyboard */ = {
			isa = PBXVariantGroup;
			children = (
				DBCC22B32B7862D2007F61B2 /* Base */,
			);
			name = LaunchScreen.storyboard;
			sourceTree = "<group>";
		};
/* End PBXVariantGroup section */

/* Begin XCBuildConfiguration section */
		DBCC22B62B7862D2007F61B2 /* Debug */ = {
			isa = XCBuildConfiguration;
			buildSettings = {
				ALWAYS_SEARCH_USER_PATHS = NO;
				ASSETCATALOG_COMPILER_GENERATE_SWIFT_ASSET_SYMBOL_EXTENSIONS = YES;
				CLANG_ANALYZER_NONNULL = YES;
				CLANG_ANALYZER_NUMBER_OBJECT_CONVERSION = YES_AGGRESSIVE;
				CLANG_CXX_LANGUAGE_STANDARD = "gnu++20";
				CLANG_ENABLE_MODULES = YES;
				CLANG_ENABLE_OBJC_ARC = YES;
				CLANG_ENABLE_OBJC_WEAK = YES;
				CLANG_WARN_BLOCK_CAPTURE_AUTORELEASING = YES;
				CLANG_WARN_BOOL_CONVERSION = YES;
				CLANG_WARN_COMMA = YES;
				CLANG_WARN_CONSTANT_CONVERSION = YES;
				CLANG_WARN_DEPRECATED_OBJC_IMPLEMENTATIONS = YES;
				CLANG_WARN_DIRECT_OBJC_ISA_USAGE = YES_ERROR;
				CLANG_WARN_DOCUMENTATION_COMMENTS = YES;
				CLANG_WARN_EMPTY_BODY = YES;
				CLANG_WARN_ENUM_CONVERSION = YES;
				CLANG_WARN_INFINITE_RECURSION = YES;
				CLANG_WARN_INT_CONVERSION = YES;
				CLANG_WARN_NON_LITERAL_NULL_CONVERSION = YES;
				CLANG_WARN_OBJC_IMPLICIT_RETAIN_SELF = YES;
				CLANG_WARN_OBJC_LITERAL_CONVERSION = YES;
				CLANG_WARN_OBJC_ROOT_CLASS = YES_ERROR;
				CLANG_WARN_QUOTED_INCLUDE_IN_FRAMEWORK_HEADER = YES;
				CLANG_WARN_RANGE_LOOP_ANALYSIS = YES;
				CLANG_WARN_STRICT_PROTOTYPES = YES;
				CLANG_WARN_SUSPICIOUS_MOVE = YES;
				CLANG_WARN_UNGUARDED_AVAILABILITY = YES_AGGRESSIVE;
				CLANG_WARN_UNREACHABLE_CODE = YES;
				CLANG_WARN__DUPLICATE_METHOD_MATCH = YES;
				COPY_PHASE_STRIP = NO;
				DEBUG_INFORMATION_FORMAT = dwarf;
				ENABLE_STRICT_OBJC_MSGSEND = YES;
				ENABLE_TESTABILITY = YES;
				ENABLE_USER_SCRIPT_SANDBOXING = YES;
				GCC_C_LANGUAGE_STANDARD = gnu17;
				GCC_DYNAMIC_NO_PIC = NO;
				GCC_NO_COMMON_BLOCKS = YES;
				GCC_OPTIMIZATION_LEVEL = 0;
				GCC_PREPROCESSOR_DEFINITIONS = (
					"DEBUG=1",
					"$(inherited)",
				);
				GCC_WARN_64_TO_32_BIT_CONVERSION = YES;
				GCC_WARN_ABOUT_RETURN_TYPE = YES_ERROR;
				GCC_WARN_UNDECLARED_SELECTOR = YES;
				GCC_WARN_UNINITIALIZED_AUTOS = YES_AGGRESSIVE;
				GCC_WARN_UNUSED_FUNCTION = YES;
				GCC_WARN_UNUSED_VARIABLE = YES;
				IPHONEOS_DEPLOYMENT_TARGET = 17.2;
				LOCALIZATION_PREFERS_STRING_CATALOGS = YES;
				MTL_ENABLE_DEBUG_INFO = INCLUDE_SOURCE;
				MTL_FAST_MATH = YES;
				ONLY_ACTIVE_ARCH = YES;
				SDKROOT = iphoneos;
				SWIFT_ACTIVE_COMPILATION_CONDITIONS = "DEBUG $(inherited)";
				SWIFT_OPTIMIZATION_LEVEL = "-Onone";
			};
			name = Debug;
		};
		DBCC22B72B7862D2007F61B2 /* Release */ = {
			isa = XCBuildConfiguration;
			buildSettings = {
				ALWAYS_SEARCH_USER_PATHS = NO;
				ASSETCATALOG_COMPILER_GENERATE_SWIFT_ASSET_SYMBOL_EXTENSIONS = YES;
				CLANG_ANALYZER_NONNULL = YES;
				CLANG_ANALYZER_NUMBER_OBJECT_CONVERSION = YES_AGGRESSIVE;
				CLANG_CXX_LANGUAGE_STANDARD = "gnu++20";
				CLANG_ENABLE_MODULES = YES;
				CLANG_ENABLE_OBJC_ARC = YES;
				CLANG_ENABLE_OBJC_WEAK = YES;
				CLANG_WARN_BLOCK_CAPTURE_AUTORELEASING = YES;
				CLANG_WARN_BOOL_CONVERSION = YES;
				CLANG_WARN_COMMA = YES;
				CLANG_WARN_CONSTANT_CONVERSION = YES;
				CLANG_WARN_DEPRECATED_OBJC_IMPLEMENTATIONS = YES;
				CLANG_WARN_DIRECT_OBJC_ISA_USAGE = YES_ERROR;
				CLANG_WARN_DOCUMENTATION_COMMENTS = YES;
				CLANG_WARN_EMPTY_BODY = YES;
				CLANG_WARN_ENUM_CONVERSION = YES;
				CLANG_WARN_INFINITE_RECURSION = YES;
				CLANG_WARN_INT_CONVERSION = YES;
				CLANG_WARN_NON_LITERAL_NULL_CONVERSION = YES;
				CLANG_WARN_OBJC_IMPLICIT_RETAIN_SELF = YES;
				CLANG_WARN_OBJC_LITERAL_CONVERSION = YES;
				CLANG_WARN_OBJC_ROOT_CLASS = YES_ERROR;
				CLANG_WARN_QUOTED_INCLUDE_IN_FRAMEWORK_HEADER = YES;
				CLANG_WARN_RANGE_LOOP_ANALYSIS = YES;
				CLANG_WARN_STRICT_PROTOTYPES = YES;
				CLANG_WARN_SUSPICIOUS_MOVE = YES;
				CLANG_WARN_UNGUARDED_AVAILABILITY = YES_AGGRESSIVE;
				CLANG_WARN_UNREACHABLE_CODE = YES;
				CLANG_WARN__DUPLICATE_METHOD_MATCH = YES;
				COPY_PHASE_STRIP = NO;
				DEBUG_INFORMATION_FORMAT = "dwarf-with-dsym";
				ENABLE_NS_ASSERTIONS = NO;
				ENABLE_STRICT_OBJC_MSGSEND = YES;
				ENABLE_USER_SCRIPT_SANDBOXING = YES;
				GCC_C_LANGUAGE_STANDARD = gnu17;
				GCC_NO_COMMON_BLOCKS = YES;
				GCC_WARN_64_TO_32_BIT_CONVERSION = YES;
				GCC_WARN_ABOUT_RETURN_TYPE = YES_ERROR;
				GCC_WARN_UNDECLARED_SELECTOR = YES;
				GCC_WARN_UNINITIALIZED_AUTOS = YES_AGGRESSIVE;
				GCC_WARN_UNUSED_FUNCTION = YES;
				GCC_WARN_UNUSED_VARIABLE = YES;
				IPHONEOS_DEPLOYMENT_TARGET = 17.2;
				LOCALIZATION_PREFERS_STRING_CATALOGS = YES;
				MTL_ENABLE_DEBUG_INFO = NO;
				MTL_FAST_MATH = YES;
				SDKROOT = iphoneos;
				SWIFT_COMPILATION_MODE = wholemodule;
				VALIDATE_PRODUCT = YES;
			};
			name = Release;
		};
		DBCC22B92B7862D2007F61B2 /* Debug */ = {
			isa = XCBuildConfiguration;
			buildSettings = {
				ASSETCATALOG_COMPILER_APPICON_NAME = AppIcon;
				ASSETCATALOG_COMPILER_GLOBAL_ACCENT_COLOR_NAME = AccentColor;
				CODE_SIGN_STYLE = Automatic;
				CURRENT_PROJECT_VERSION = 1;
				DEVELOPMENT_TEAM = SUZFV58S8B;
				GENERATE_INFOPLIST_FILE = YES;
				INFOPLIST_FILE = OpenWeather/Info.plist;
				INFOPLIST_KEY_UIApplicationSupportsIndirectInputEvents = YES;
				INFOPLIST_KEY_UILaunchStoryboardName = LaunchScreen;
				INFOPLIST_KEY_UIMainStoryboardFile = "";
				INFOPLIST_KEY_UISupportedInterfaceOrientations = UIInterfaceOrientationPortrait;
				INFOPLIST_KEY_UISupportedInterfaceOrientations_iPad = "UIInterfaceOrientationLandscapeLeft UIInterfaceOrientationLandscapeRight UIInterfaceOrientationPortrait UIInterfaceOrientationPortraitUpsideDown";
				LD_RUNPATH_SEARCH_PATHS = (
					"$(inherited)",
					"@executable_path/Frameworks",
				);
				MARKETING_VERSION = 1.0;
				PRODUCT_BUNDLE_IDENTIFIER = com.jinoo.OpenWeather;
				PRODUCT_NAME = "$(TARGET_NAME)";
				SUPPORTED_PLATFORMS = "iphoneos iphonesimulator";
				SUPPORTS_MACCATALYST = NO;
				SUPPORTS_MAC_DESIGNED_FOR_IPHONE_IPAD = NO;
				SUPPORTS_XR_DESIGNED_FOR_IPHONE_IPAD = NO;
				SWIFT_EMIT_LOC_STRINGS = YES;
				SWIFT_VERSION = 5.0;
				TARGETED_DEVICE_FAMILY = 1;
			};
			name = Debug;
		};
		DBCC22BA2B7862D2007F61B2 /* Release */ = {
			isa = XCBuildConfiguration;
			buildSettings = {
				ASSETCATALOG_COMPILER_APPICON_NAME = AppIcon;
				ASSETCATALOG_COMPILER_GLOBAL_ACCENT_COLOR_NAME = AccentColor;
				CODE_SIGN_STYLE = Automatic;
				CURRENT_PROJECT_VERSION = 1;
				DEVELOPMENT_TEAM = SUZFV58S8B;
				GENERATE_INFOPLIST_FILE = YES;
				INFOPLIST_FILE = OpenWeather/Info.plist;
				INFOPLIST_KEY_UIApplicationSupportsIndirectInputEvents = YES;
				INFOPLIST_KEY_UILaunchStoryboardName = LaunchScreen;
				INFOPLIST_KEY_UIMainStoryboardFile = "";
				INFOPLIST_KEY_UISupportedInterfaceOrientations = UIInterfaceOrientationPortrait;
				INFOPLIST_KEY_UISupportedInterfaceOrientations_iPad = "UIInterfaceOrientationLandscapeLeft UIInterfaceOrientationLandscapeRight UIInterfaceOrientationPortrait UIInterfaceOrientationPortraitUpsideDown";
				LD_RUNPATH_SEARCH_PATHS = (
					"$(inherited)",
					"@executable_path/Frameworks",
				);
				MARKETING_VERSION = 1.0;
				PRODUCT_BUNDLE_IDENTIFIER = com.jinoo.OpenWeather;
				PRODUCT_NAME = "$(TARGET_NAME)";
				SUPPORTED_PLATFORMS = "iphoneos iphonesimulator";
				SUPPORTS_MACCATALYST = NO;
				SUPPORTS_MAC_DESIGNED_FOR_IPHONE_IPAD = NO;
				SUPPORTS_XR_DESIGNED_FOR_IPHONE_IPAD = NO;
				SWIFT_EMIT_LOC_STRINGS = YES;
				SWIFT_VERSION = 5.0;
				TARGETED_DEVICE_FAMILY = 1;
			};
			name = Release;
		};
/* End XCBuildConfiguration section */

/* Begin XCConfigurationList section */
		DBCC229F2B7862D0007F61B2 /* Build configuration list for PBXProject "OpenWeather" */ = {
			isa = XCConfigurationList;
			buildConfigurations = (
				DBCC22B62B7862D2007F61B2 /* Debug */,
				DBCC22B72B7862D2007F61B2 /* Release */,
			);
			defaultConfigurationIsVisible = 0;
			defaultConfigurationName = Release;
		};
		DBCC22B82B7862D2007F61B2 /* Build configuration list for PBXNativeTarget "OpenWeather" */ = {
			isa = XCConfigurationList;
			buildConfigurations = (
				DBCC22B92B7862D2007F61B2 /* Debug */,
				DBCC22BA2B7862D2007F61B2 /* Release */,
			);
			defaultConfigurationIsVisible = 0;
			defaultConfigurationName = Release;
		};
/* End XCConfigurationList section */

/* Begin XCRemoteSwiftPackageReference section */
		DBC59A542B7B746A006BEB76 /* XCRemoteSwiftPackageReference "Kingfisher" */ = {
			isa = XCRemoteSwiftPackageReference;
			repositoryURL = "https://github.com/onevcat/Kingfisher";
			requirement = {
				kind = upToNextMajorVersion;
				minimumVersion = 7.11.0;
			};
		};
		DBE3CBCC2B787BAE005E540B /* XCRemoteSwiftPackageReference "SnapKit" */ = {
			isa = XCRemoteSwiftPackageReference;
			repositoryURL = "https://github.com/SnapKit/SnapKit";
			requirement = {
				kind = upToNextMajorVersion;
				minimumVersion = 5.7.0;
			};
		};
		DBE3CBCF2B787BB7005E540B /* XCRemoteSwiftPackageReference "Then" */ = {
			isa = XCRemoteSwiftPackageReference;
			repositoryURL = "https://github.com/devxoul/Then";
			requirement = {
				kind = upToNextMajorVersion;
				minimumVersion = 3.0.0;
			};
		};
		DBE3CBD22B787BC1005E540B /* XCRemoteSwiftPackageReference "Alamofire" */ = {
			isa = XCRemoteSwiftPackageReference;
			repositoryURL = "https://github.com/Alamofire/Alamofire";
			requirement = {
				kind = upToNextMajorVersion;
				minimumVersion = 5.8.1;
			};
		};
/* End XCRemoteSwiftPackageReference section */

/* Begin XCSwiftPackageProductDependency section */
		DBC59A552B7B746A006BEB76 /* Kingfisher */ = {
			isa = XCSwiftPackageProductDependency;
			package = DBC59A542B7B746A006BEB76 /* XCRemoteSwiftPackageReference "Kingfisher" */;
			productName = Kingfisher;
		};
		DBE3CBCD2B787BAE005E540B /* SnapKit */ = {
			isa = XCSwiftPackageProductDependency;
			package = DBE3CBCC2B787BAE005E540B /* XCRemoteSwiftPackageReference "SnapKit" */;
			productName = SnapKit;
		};
		DBE3CBD02B787BB7005E540B /* Then */ = {
			isa = XCSwiftPackageProductDependency;
			package = DBE3CBCF2B787BB7005E540B /* XCRemoteSwiftPackageReference "Then" */;
			productName = Then;
		};
		DBE3CBD32B787BC1005E540B /* Alamofire */ = {
			isa = XCSwiftPackageProductDependency;
			package = DBE3CBD22B787BC1005E540B /* XCRemoteSwiftPackageReference "Alamofire" */;
			productName = Alamofire;
		};
/* End XCSwiftPackageProductDependency section */
	};
	rootObject = DBCC229C2B7862D0007F61B2 /* Project object */;
}
